// !$*UTF8*$!
{
	archiveVersion = 1;
	classes = {
	};
	objectVersion = 45;
	objects = {

/* Begin PBXBuildFile section */
		1DDD58160DA1D0A300B32029 /* MainMenu.xib in Resources */ = {isa = PBXBuildFile; fileRef = 1DDD58140DA1D0A300B32029 /* MainMenu.xib */; };
		8D11072B0486CEB800E47090 /* InfoPlist.strings in Resources */ = {isa = PBXBuildFile; fileRef = 089C165CFE840E0CC02AAC07 /* InfoPlist.strings */; };
		8D11072D0486CEB800E47090 /* main.m in Sources */ = {isa = PBXBuildFile; fileRef = 29B97316FDCFA39411CA2CEA /* main.m */; settings = {ATTRIBUTES = (); }; };
		8D11072F0486CEB800E47090 /* Cocoa.framework in Frameworks */ = {isa = PBXBuildFile; fileRef = 1058C7A1FEA54F0111CA2CBB /* Cocoa.framework */; };
		9F0862070E20F02E00FD6CF6 /* GITTreeEntry.m in Sources */ = {isa = PBXBuildFile; fileRef = 9F0862060E20F02E00FD6CF6 /* GITTreeEntry.m */; };
		9F33C9F00E48C5650004CD44 /* GITBranch.m in Sources */ = {isa = PBXBuildFile; fileRef = 9F33C9EA0E48C5650004CD44 /* GITBranch.m */; };
		9F33C9F10E48C5650004CD44 /* GITPackFile.m in Sources */ = {isa = PBXBuildFile; fileRef = 9F33C9EC0E48C5650004CD44 /* GITPackFile.m */; };
		9F33C9F20E48C5650004CD44 /* GITRepo.m in Sources */ = {isa = PBXBuildFile; fileRef = 9F33C9EF0E48C5650004CD44 /* GITRepo.m */; };
		9F464D410E3DC3EC00867506 /* NSTimeZone+Offset.m in Sources */ = {isa = PBXBuildFile; fileRef = 9F464D400E3DC3EC00867506 /* NSTimeZone+Offset.m */; };
		9F63998E0E51952F0034F279 /* GITUtilityBelt.m in Sources */ = {isa = PBXBuildFile; fileRef = 9F63998D0E51952F0034F279 /* GITUtilityBelt.m */; };
		9F7EC9040E1A7032001668EB /* GITCommit.m in Sources */ = {isa = PBXBuildFile; fileRef = 9F7EC9030E1A7032001668EB /* GITCommit.m */; };
		9F7EC9070E1A709D001668EB /* GITTag.m in Sources */ = {isa = PBXBuildFile; fileRef = 9F7EC9060E1A709D001668EB /* GITTag.m */; };
		9F7EC93E0E1A8917001668EB /* GITActor.m in Sources */ = {isa = PBXBuildFile; fileRef = 9F7EC93D0E1A8917001668EB /* GITActor.m */; };
		9F8C00770E311CA300D0E65A /* GITBlob.m in Sources */ = {isa = PBXBuildFile; fileRef = 9F9213850E17F17C005AC693 /* GITBlob.m */; };
		9F8CFFA50E2FFCF200D0E65A /* NSData+Searching.m in Sources */ = {isa = PBXBuildFile; fileRef = 9F8CFFA40E2FFCF200D0E65A /* NSData+Searching.m */; };
		9F92127A0E179A2C005AC693 /* NSData+Compression.m in Sources */ = {isa = PBXBuildFile; fileRef = 9F9212770E179A2C005AC693 /* NSData+Compression.m */; };
		9F9212950E179B4B005AC693 /* NSData+Hashing.m in Sources */ = {isa = PBXBuildFile; fileRef = 9F9212940E179B4B005AC693 /* NSData+Hashing.m */; };
		9F9213860E17F17C005AC693 /* GITBlob.m in Sources */ = {isa = PBXBuildFile; fileRef = 9F9213850E17F17C005AC693 /* GITBlob.m */; };
		9F9213BF0E1822A1005AC693 /* GITTree.m in Sources */ = {isa = PBXBuildFile; fileRef = 9F9213BE0E1822A1005AC693 /* GITTree.m */; };
		9FA4E0820E19A62500724E6B /* git-inspect.m in Sources */ = {isa = PBXBuildFile; fileRef = 9FA4E0810E19A62500724E6B /* git-inspect.m */; };
		9FA4E0840E19A6D400724E6B /* git-inspect.m in Sources */ = {isa = PBXBuildFile; fileRef = 9FA4E0810E19A62500724E6B /* git-inspect.m */; };
		9FA4E0860E19A6DD00724E6B /* Foundation.framework in Frameworks */ = {isa = PBXBuildFile; fileRef = 29B97325FDCFA39411CA2CEA /* Foundation.framework */; };
		9FA4E08A0E19A6E800724E6B /* NSData+Compression.m in Sources */ = {isa = PBXBuildFile; fileRef = 9F9212770E179A2C005AC693 /* NSData+Compression.m */; };
		9FA4E08B0E19A6E900724E6B /* NSData+Hashing.m in Sources */ = {isa = PBXBuildFile; fileRef = 9F9212940E179B4B005AC693 /* NSData+Hashing.m */; };
/* End PBXBuildFile section */

/* Begin PBXFileReference section */
		089C165DFE840E0CC02AAC07 /* English */ = {isa = PBXFileReference; fileEncoding = 10; lastKnownFileType = text.plist.strings; name = English; path = English.lproj/InfoPlist.strings; sourceTree = "<group>"; };
		1058C7A1FEA54F0111CA2CBB /* Cocoa.framework */ = {isa = PBXFileReference; lastKnownFileType = wrapper.framework; name = Cocoa.framework; path = /System/Library/Frameworks/Cocoa.framework; sourceTree = "<absolute>"; };
		13E42FB307B3F0F600E4EEF1 /* CoreData.framework */ = {isa = PBXFileReference; lastKnownFileType = wrapper.framework; name = CoreData.framework; path = /System/Library/Frameworks/CoreData.framework; sourceTree = "<absolute>"; };
		1DDD58150DA1D0A300B32029 /* English */ = {isa = PBXFileReference; lastKnownFileType = file.xib; name = English; path = English.lproj/MainMenu.xib; sourceTree = "<group>"; };
		29B97316FDCFA39411CA2CEA /* main.m */ = {isa = PBXFileReference; fileEncoding = 4; lastKnownFileType = sourcecode.c.objc; path = main.m; sourceTree = "<group>"; };
		29B97324FDCFA39411CA2CEA /* AppKit.framework */ = {isa = PBXFileReference; lastKnownFileType = wrapper.framework; name = AppKit.framework; path = /System/Library/Frameworks/AppKit.framework; sourceTree = "<absolute>"; };
		29B97325FDCFA39411CA2CEA /* Foundation.framework */ = {isa = PBXFileReference; lastKnownFileType = wrapper.framework; name = Foundation.framework; path = /System/Library/Frameworks/Foundation.framework; sourceTree = "<absolute>"; };
		32CA4F630368D1EE00C91783 /* CocoaGit_Prefix.pch */ = {isa = PBXFileReference; fileEncoding = 4; lastKnownFileType = sourcecode.c.h; path = CocoaGit_Prefix.pch; sourceTree = "<group>"; };
		8D1107310486CEB800E47090 /* Info.plist */ = {isa = PBXFileReference; fileEncoding = 4; lastKnownFileType = text.plist.xml; path = Info.plist; sourceTree = "<group>"; };
		8D1107320486CEB800E47090 /* CocoaGit.app */ = {isa = PBXFileReference; explicitFileType = wrapper.application; includeInIndex = 0; path = CocoaGit.app; sourceTree = BUILT_PRODUCTS_DIR; };
		9F0862050E20F02E00FD6CF6 /* GITTreeEntry.h */ = {isa = PBXFileReference; fileEncoding = 4; lastKnownFileType = sourcecode.c.h; path = GITTreeEntry.h; sourceTree = "<group>"; };
		9F0862060E20F02E00FD6CF6 /* GITTreeEntry.m */ = {isa = PBXFileReference; fileEncoding = 4; lastKnownFileType = sourcecode.c.objc; path = GITTreeEntry.m; sourceTree = "<group>"; };
		9F33C9E90E48C5650004CD44 /* GITBranch.h */ = {isa = PBXFileReference; fileEncoding = 4; lastKnownFileType = sourcecode.c.h; path = GITBranch.h; sourceTree = "<group>"; };
		9F33C9EA0E48C5650004CD44 /* GITBranch.m */ = {isa = PBXFileReference; fileEncoding = 4; lastKnownFileType = sourcecode.c.objc; path = GITBranch.m; sourceTree = "<group>"; };
		9F33C9EB0E48C5650004CD44 /* GITPackFile.h */ = {isa = PBXFileReference; fileEncoding = 4; lastKnownFileType = sourcecode.c.h; path = GITPackFile.h; sourceTree = "<group>"; };
		9F33C9EC0E48C5650004CD44 /* GITPackFile.m */ = {isa = PBXFileReference; fileEncoding = 4; lastKnownFileType = sourcecode.c.objc; path = GITPackFile.m; sourceTree = "<group>"; };
		9F33C9ED0E48C5650004CD44 /* GITRepo+Protected.h */ = {isa = PBXFileReference; fileEncoding = 4; lastKnownFileType = sourcecode.c.h; path = "GITRepo+Protected.h"; sourceTree = "<group>"; };
		9F33C9EE0E48C5650004CD44 /* GITRepo.h */ = {isa = PBXFileReference; fileEncoding = 4; lastKnownFileType = sourcecode.c.h; path = GITRepo.h; sourceTree = "<group>"; };
		9F33C9EF0E48C5650004CD44 /* GITRepo.m */ = {isa = PBXFileReference; fileEncoding = 4; lastKnownFileType = sourcecode.c.objc; path = GITRepo.m; sourceTree = "<group>"; };
		9F464D3F0E3DC3EC00867506 /* NSTimeZone+Offset.h */ = {isa = PBXFileReference; fileEncoding = 4; lastKnownFileType = sourcecode.c.h; path = "NSTimeZone+Offset.h"; sourceTree = "<group>"; };
		9F464D400E3DC3EC00867506 /* NSTimeZone+Offset.m */ = {isa = PBXFileReference; fileEncoding = 4; lastKnownFileType = sourcecode.c.objc; path = "NSTimeZone+Offset.m"; sourceTree = "<group>"; };
		9F63998C0E51952F0034F279 /* GITUtilityBelt.h */ = {isa = PBXFileReference; fileEncoding = 4; lastKnownFileType = sourcecode.c.h; path = GITUtilityBelt.h; sourceTree = "<group>"; };
		9F63998D0E51952F0034F279 /* GITUtilityBelt.m */ = {isa = PBXFileReference; fileEncoding = 4; lastKnownFileType = sourcecode.c.objc; path = GITUtilityBelt.m; sourceTree = "<group>"; };
		9F7EC9020E1A7032001668EB /* GITCommit.h */ = {isa = PBXFileReference; fileEncoding = 4; lastKnownFileType = sourcecode.c.h; path = GITCommit.h; sourceTree = "<group>"; };
		9F7EC9030E1A7032001668EB /* GITCommit.m */ = {isa = PBXFileReference; fileEncoding = 4; lastKnownFileType = sourcecode.c.objc; path = GITCommit.m; sourceTree = "<group>"; };
		9F7EC9050E1A709D001668EB /* GITTag.h */ = {isa = PBXFileReference; fileEncoding = 4; lastKnownFileType = sourcecode.c.h; path = GITTag.h; sourceTree = "<group>"; };
		9F7EC9060E1A709D001668EB /* GITTag.m */ = {isa = PBXFileReference; fileEncoding = 4; lastKnownFileType = sourcecode.c.objc; path = GITTag.m; sourceTree = "<group>"; };
		9F7EC93C0E1A8917001668EB /* GITActor.h */ = {isa = PBXFileReference; fileEncoding = 4; lastKnownFileType = sourcecode.c.h; path = GITActor.h; sourceTree = "<group>"; };
		9F7EC93D0E1A8917001668EB /* GITActor.m */ = {isa = PBXFileReference; fileEncoding = 4; lastKnownFileType = sourcecode.c.objc; path = GITActor.m; sourceTree = "<group>"; };
		9F8CFFA30E2FFCF200D0E65A /* NSData+Searching.h */ = {isa = PBXFileReference; fileEncoding = 4; lastKnownFileType = sourcecode.c.h; path = "NSData+Searching.h"; sourceTree = "<group>"; };
		9F8CFFA40E2FFCF200D0E65A /* NSData+Searching.m */ = {isa = PBXFileReference; fileEncoding = 4; lastKnownFileType = sourcecode.c.objc; path = "NSData+Searching.m"; sourceTree = "<group>"; };
		9F9212760E179A2C005AC693 /* NSData+Compression.h */ = {isa = PBXFileReference; fileEncoding = 4; lastKnownFileType = sourcecode.c.h; path = "NSData+Compression.h"; sourceTree = "<group>"; };
		9F9212770E179A2C005AC693 /* NSData+Compression.m */ = {isa = PBXFileReference; fileEncoding = 4; lastKnownFileType = sourcecode.c.objc; path = "NSData+Compression.m"; sourceTree = "<group>"; };
		9F9212930E179B4B005AC693 /* NSData+Hashing.h */ = {isa = PBXFileReference; fileEncoding = 4; lastKnownFileType = sourcecode.c.h; path = "NSData+Hashing.h"; sourceTree = "<group>"; };
		9F9212940E179B4B005AC693 /* NSData+Hashing.m */ = {isa = PBXFileReference; fileEncoding = 4; lastKnownFileType = sourcecode.c.objc; path = "NSData+Hashing.m"; sourceTree = "<group>"; };
		9F9212B60E179DB6005AC693 /* GITObject.h */ = {isa = PBXFileReference; fileEncoding = 4; lastKnownFileType = sourcecode.c.h; path = GITObject.h; sourceTree = "<group>"; };
		9F9213840E17F17C005AC693 /* GITBlob.h */ = {isa = PBXFileReference; fileEncoding = 4; lastKnownFileType = sourcecode.c.h; path = GITBlob.h; sourceTree = "<group>"; };
		9F9213850E17F17C005AC693 /* GITBlob.m */ = {isa = PBXFileReference; fileEncoding = 4; lastKnownFileType = sourcecode.c.objc; path = GITBlob.m; sourceTree = "<group>"; };
		9F9213BD0E1822A1005AC693 /* GITTree.h */ = {isa = PBXFileReference; fileEncoding = 4; lastKnownFileType = sourcecode.c.h; path = GITTree.h; sourceTree = "<group>"; };
		9F9213BE0E1822A1005AC693 /* GITTree.m */ = {isa = PBXFileReference; fileEncoding = 4; lastKnownFileType = sourcecode.c.objc; path = GITTree.m; sourceTree = "<group>"; };
		9FA4E06F0E19A57600724E6B /* git-inspect */ = {isa = PBXFileReference; explicitFileType = "compiled.mach-o.executable"; includeInIndex = 0; path = "git-inspect"; sourceTree = BUILT_PRODUCTS_DIR; };
		9FA4E0810E19A62500724E6B /* git-inspect.m */ = {isa = PBXFileReference; fileEncoding = 4; lastKnownFileType = sourcecode.c.objc; path = "git-inspect.m"; sourceTree = "<group>"; };
/* End PBXFileReference section */

/* Begin PBXFrameworksBuildPhase section */
		8D11072E0486CEB800E47090 /* Frameworks */ = {
			isa = PBXFrameworksBuildPhase;
			buildActionMask = 2147483647;
			files = (
				8D11072F0486CEB800E47090 /* Cocoa.framework in Frameworks */,
			);
			runOnlyForDeploymentPostprocessing = 0;
		};
		9FA4E06D0E19A57600724E6B /* Frameworks */ = {
			isa = PBXFrameworksBuildPhase;
			buildActionMask = 2147483647;
			files = (
				9FA4E0860E19A6DD00724E6B /* Foundation.framework in Frameworks */,
			);
			runOnlyForDeploymentPostprocessing = 0;
		};
/* End PBXFrameworksBuildPhase section */

/* Begin PBXGroup section */
		080E96DDFE201D6D7F000001 /* Classes */ = {
			isa = PBXGroup;
			children = (
				9F9213840E17F17C005AC693 /* GITBlob.h */,
				9F9213850E17F17C005AC693 /* GITBlob.m */,
				9F9212B60E179DB6005AC693 /* GITObject.h */,
				9F9213BD0E1822A1005AC693 /* GITTree.h */,
				9F9213BE0E1822A1005AC693 /* GITTree.m */,
				9F7EC9020E1A7032001668EB /* GITCommit.h */,
				9F7EC9030E1A7032001668EB /* GITCommit.m */,
				9F7EC9050E1A709D001668EB /* GITTag.h */,
				9F7EC9060E1A709D001668EB /* GITTag.m */,
				9F7EC93C0E1A8917001668EB /* GITActor.h */,
				9F7EC93D0E1A8917001668EB /* GITActor.m */,
				9F33C9E90E48C5650004CD44 /* GITBranch.h */,
				9F33C9EA0E48C5650004CD44 /* GITBranch.m */,
				9F33C9EB0E48C5650004CD44 /* GITPackFile.h */,
				9F33C9EC0E48C5650004CD44 /* GITPackFile.m */,
				9F33C9ED0E48C5650004CD44 /* GITRepo+Protected.h */,
				9F33C9EE0E48C5650004CD44 /* GITRepo.h */,
				9F33C9EF0E48C5650004CD44 /* GITRepo.m */,
				9F0862050E20F02E00FD6CF6 /* GITTreeEntry.h */,
				9F0862060E20F02E00FD6CF6 /* GITTreeEntry.m */,
			);
			name = Classes;
			sourceTree = "<group>";
		};
		1058C7A0FEA54F0111CA2CBB /* Linked Frameworks */ = {
			isa = PBXGroup;
			children = (
				1058C7A1FEA54F0111CA2CBB /* Cocoa.framework */,
			);
			name = "Linked Frameworks";
			sourceTree = "<group>";
		};
		1058C7A2FEA54F0111CA2CBB /* Other Frameworks */ = {
			isa = PBXGroup;
			children = (
				29B97324FDCFA39411CA2CEA /* AppKit.framework */,
				13E42FB307B3F0F600E4EEF1 /* CoreData.framework */,
				29B97325FDCFA39411CA2CEA /* Foundation.framework */,
			);
			name = "Other Frameworks";
			sourceTree = "<group>";
		};
		19C28FACFE9D520D11CA2CBB /* Products */ = {
			isa = PBXGroup;
			children = (
				8D1107320486CEB800E47090 /* CocoaGit.app */,
				9FA4E06F0E19A57600724E6B /* git-inspect */,
			);
			name = Products;
			sourceTree = "<group>";
		};
		29B97314FDCFA39411CA2CEA /* CocoaGit */ = {
			isa = PBXGroup;
			children = (
				9F33C9E60E48C4840004CD44 /* Categories */,
				080E96DDFE201D6D7F000001 /* Classes */,
				29B97315FDCFA39411CA2CEA /* Other Sources */,
				29B97317FDCFA39411CA2CEA /* Resources */,
				29B97323FDCFA39411CA2CEA /* Frameworks */,
				19C28FACFE9D520D11CA2CBB /* Products */,
			);
			name = CocoaGit;
			sourceTree = "<group>";
		};
		29B97315FDCFA39411CA2CEA /* Other Sources */ = {
			isa = PBXGroup;
			children = (
				32CA4F630368D1EE00C91783 /* CocoaGit_Prefix.pch */,
				29B97316FDCFA39411CA2CEA /* main.m */,
				9FA4E0810E19A62500724E6B /* git-inspect.m */,
				9F63998C0E51952F0034F279 /* GITUtilityBelt.h */,
				9F63998D0E51952F0034F279 /* GITUtilityBelt.m */,
			);
			name = "Other Sources";
			sourceTree = "<group>";
		};
		29B97317FDCFA39411CA2CEA /* Resources */ = {
			isa = PBXGroup;
			children = (
				8D1107310486CEB800E47090 /* Info.plist */,
				089C165CFE840E0CC02AAC07 /* InfoPlist.strings */,
				1DDD58140DA1D0A300B32029 /* MainMenu.xib */,
			);
			name = Resources;
			sourceTree = "<group>";
		};
		29B97323FDCFA39411CA2CEA /* Frameworks */ = {
			isa = PBXGroup;
			children = (
				1058C7A0FEA54F0111CA2CBB /* Linked Frameworks */,
				1058C7A2FEA54F0111CA2CBB /* Other Frameworks */,
			);
			name = Frameworks;
			sourceTree = "<group>";
		};
		9F33C9E60E48C4840004CD44 /* Categories */ = {
			isa = PBXGroup;
			children = (
				9F9212760E179A2C005AC693 /* NSData+Compression.h */,
				9F9212770E179A2C005AC693 /* NSData+Compression.m */,
				9F9212930E179B4B005AC693 /* NSData+Hashing.h */,
				9F9212940E179B4B005AC693 /* NSData+Hashing.m */,
				9F8CFFA30E2FFCF200D0E65A /* NSData+Searching.h */,
				9F8CFFA40E2FFCF200D0E65A /* NSData+Searching.m */,
				9F464D3F0E3DC3EC00867506 /* NSTimeZone+Offset.h */,
				9F464D400E3DC3EC00867506 /* NSTimeZone+Offset.m */,
			);
			name = Categories;
			sourceTree = "<group>";
		};
/* End PBXGroup section */

/* Begin PBXNativeTarget section */
		8D1107260486CEB800E47090 /* CocoaGit */ = {
			isa = PBXNativeTarget;
			buildConfigurationList = C01FCF4A08A954540054247B /* Build configuration list for PBXNativeTarget "CocoaGit" */;
			buildPhases = (
				8D1107290486CEB800E47090 /* Resources */,
				8D11072C0486CEB800E47090 /* Sources */,
				8D11072E0486CEB800E47090 /* Frameworks */,
			);
			buildRules = (
			);
			dependencies = (
			);
			name = CocoaGit;
			productInstallPath = "$(HOME)/Applications";
			productName = CocoaGit;
			productReference = 8D1107320486CEB800E47090 /* CocoaGit.app */;
			productType = "com.apple.product-type.application";
		};
		9FA4E06E0E19A57600724E6B /* git-inspect */ = {
			isa = PBXNativeTarget;
			buildConfigurationList = 9FA4E0730E19A59500724E6B /* Build configuration list for PBXNativeTarget "git-inspect" */;
			buildPhases = (
				9FA4E06C0E19A57600724E6B /* Sources */,
				9FA4E06D0E19A57600724E6B /* Frameworks */,
			);
			buildRules = (
			);
			dependencies = (
			);
			name = "git-inspect";
			productName = "git-inspect";
			productReference = 9FA4E06F0E19A57600724E6B /* git-inspect */;
			productType = "com.apple.product-type.tool";
		};
/* End PBXNativeTarget section */

/* Begin PBXProject section */
		29B97313FDCFA39411CA2CEA /* Project object */ = {
			isa = PBXProject;
			buildConfigurationList = C01FCF4E08A954540054247B /* Build configuration list for PBXProject "CocoaGit" */;
			compatibilityVersion = "Xcode 3.1";
			hasScannedForEncodings = 1;
			mainGroup = 29B97314FDCFA39411CA2CEA /* CocoaGit */;
			projectDirPath = "";
			projectRoot = "";
			targets = (
				8D1107260486CEB800E47090 /* CocoaGit */,
				9FA4E06E0E19A57600724E6B /* git-inspect */,
			);
		};
/* End PBXProject section */

/* Begin PBXResourcesBuildPhase section */
		8D1107290486CEB800E47090 /* Resources */ = {
			isa = PBXResourcesBuildPhase;
			buildActionMask = 2147483647;
			files = (
				8D11072B0486CEB800E47090 /* InfoPlist.strings in Resources */,
				1DDD58160DA1D0A300B32029 /* MainMenu.xib in Resources */,
			);
			runOnlyForDeploymentPostprocessing = 0;
		};
/* End PBXResourcesBuildPhase section */

/* Begin PBXSourcesBuildPhase section */
		8D11072C0486CEB800E47090 /* Sources */ = {
			isa = PBXSourcesBuildPhase;
			buildActionMask = 2147483647;
			files = (
				8D11072D0486CEB800E47090 /* main.m in Sources */,
				9F92127A0E179A2C005AC693 /* NSData+Compression.m in Sources */,
				9F9212950E179B4B005AC693 /* NSData+Hashing.m in Sources */,
				9F9213860E17F17C005AC693 /* GITBlob.m in Sources */,
				9F9213BF0E1822A1005AC693 /* GITTree.m in Sources */,
				9FA4E0820E19A62500724E6B /* git-inspect.m in Sources */,
				9F7EC9040E1A7032001668EB /* GITCommit.m in Sources */,
				9F7EC9070E1A709D001668EB /* GITTag.m in Sources */,
				9F7EC93E0E1A8917001668EB /* GITActor.m in Sources */,
				9F0862070E20F02E00FD6CF6 /* GITTreeEntry.m in Sources */,
			);
			runOnlyForDeploymentPostprocessing = 0;
		};
		9FA4E06C0E19A57600724E6B /* Sources */ = {
			isa = PBXSourcesBuildPhase;
			buildActionMask = 2147483647;
			files = (
				9FA4E0840E19A6D400724E6B /* git-inspect.m in Sources */,
				9FA4E08A0E19A6E800724E6B /* NSData+Compression.m in Sources */,
				9FA4E08B0E19A6E900724E6B /* NSData+Hashing.m in Sources */,
				9F8CFFA50E2FFCF200D0E65A /* NSData+Searching.m in Sources */,
				9F8C00770E311CA300D0E65A /* GITBlob.m in Sources */,
				9F464D410E3DC3EC00867506 /* NSTimeZone+Offset.m in Sources */,
				9F33C9F00E48C5650004CD44 /* GITBranch.m in Sources */,
				9F33C9F10E48C5650004CD44 /* GITPackFile.m in Sources */,
				9F33C9F20E48C5650004CD44 /* GITRepo.m in Sources */,
				9F63998E0E51952F0034F279 /* GITUtilityBelt.m in Sources */,
			);
			runOnlyForDeploymentPostprocessing = 0;
		};
/* End PBXSourcesBuildPhase section */

/* Begin PBXVariantGroup section */
		089C165CFE840E0CC02AAC07 /* InfoPlist.strings */ = {
			isa = PBXVariantGroup;
			children = (
				089C165DFE840E0CC02AAC07 /* English */,
			);
			name = InfoPlist.strings;
			sourceTree = "<group>";
		};
		1DDD58140DA1D0A300B32029 /* MainMenu.xib */ = {
			isa = PBXVariantGroup;
			children = (
				1DDD58150DA1D0A300B32029 /* English */,
			);
			name = MainMenu.xib;
			sourceTree = "<group>";
		};
/* End PBXVariantGroup section */

/* Begin XCBuildConfiguration section */
		9FA4E0710E19A57700724E6B /* Debug */ = {
			isa = XCBuildConfiguration;
			buildSettings = {
				ALWAYS_SEARCH_USER_PATHS = NO;
				COPY_PHASE_STRIP = NO;
				GCC_DYNAMIC_NO_PIC = NO;
				GCC_ENABLE_FIX_AND_CONTINUE = YES;
				GCC_MODEL_TUNING = G5;
				GCC_OPTIMIZATION_LEVEL = 0;
				GCC_PRECOMPILE_PREFIX_HEADER = YES;
				GCC_PREFIX_HEADER = "$(SYSTEM_LIBRARY_DIR)/Frameworks/AppKit.framework/Headers/AppKit.h";
				INSTALL_PATH = /usr/local/bin;
				OTHER_LDFLAGS = (
					"-lcrypto",
					"-lssl",
					"-lz",
					"-framework",
					Foundation,
					"-framework",
					AppKit,
				);
				PREBINDING = NO;
				PRODUCT_NAME = "git-inspect";
			};
			name = Debug;
		};
		9FA4E0720E19A57700724E6B /* Release */ = {
			isa = XCBuildConfiguration;
			buildSettings = {
				ALWAYS_SEARCH_USER_PATHS = NO;
				COPY_PHASE_STRIP = YES;
				DEBUG_INFORMATION_FORMAT = "dwarf-with-dsym";
				GCC_ENABLE_FIX_AND_CONTINUE = NO;
				GCC_MODEL_TUNING = G5;
				GCC_PRECOMPILE_PREFIX_HEADER = YES;
				GCC_PREFIX_HEADER = "$(SYSTEM_LIBRARY_DIR)/Frameworks/AppKit.framework/Headers/AppKit.h";
				INSTALL_PATH = /usr/local/bin;
				OTHER_LDFLAGS = (
					"-framework",
					Foundation,
					"-framework",
					AppKit,
				);
				PREBINDING = NO;
				PRODUCT_NAME = "git-inspect";
				ZERO_LINK = NO;
			};
			name = Release;
		};
		C01FCF4B08A954540054247B /* Debug */ = {
			isa = XCBuildConfiguration;
			buildSettings = {
				ALWAYS_SEARCH_USER_PATHS = NO;
				COPY_PHASE_STRIP = NO;
				GCC_DYNAMIC_NO_PIC = NO;
				GCC_ENABLE_FIX_AND_CONTINUE = YES;
				GCC_MODEL_TUNING = G5;
				GCC_OPTIMIZATION_LEVEL = 0;
				GCC_PRECOMPILE_PREFIX_HEADER = YES;
				GCC_PREFIX_HEADER = CocoaGit_Prefix.pch;
				INFOPLIST_FILE = Info.plist;
				INSTALL_PATH = "$(HOME)/Applications";
				OTHER_LDFLAGS = (
					"-lcrypto",
					"-lssl",
					"-lz",
				);
				PRODUCT_NAME = CocoaGit;
			};
			name = Debug;
		};
		C01FCF4C08A954540054247B /* Release */ = {
			isa = XCBuildConfiguration;
			buildSettings = {
				ALWAYS_SEARCH_USER_PATHS = NO;
				DEBUG_INFORMATION_FORMAT = "dwarf-with-dsym";
				GCC_MODEL_TUNING = G5;
				GCC_PRECOMPILE_PREFIX_HEADER = YES;
				GCC_PREFIX_HEADER = CocoaGit_Prefix.pch;
				INFOPLIST_FILE = Info.plist;
				INSTALL_PATH = "$(HOME)/Applications";
				PRODUCT_NAME = CocoaGit;
			};
			name = Release;
		};
		C01FCF4F08A954540054247B /* Debug */ = {
			isa = XCBuildConfiguration;
			buildSettings = {
				ARCHS = "$(ARCHS_STANDARD_32_BIT)";
				GCC_C_LANGUAGE_STANDARD = c99;
				GCC_OPTIMIZATION_LEVEL = 0;
				GCC_WARN_ABOUT_RETURN_TYPE = YES;
				GCC_WARN_UNUSED_VARIABLE = YES;
				ONLY_ACTIVE_ARCH = YES;
				PREBINDING = NO;
				SDKROOT = macosx10.5;
			};
			name = Debug;
		};
		C01FCF5008A954540054247B /* Release */ = {
			isa = XCBuildConfiguration;
			buildSettings = {
				ARCHS = "$(ARCHS_STANDARD_32_BIT)";
				GCC_C_LANGUAGE_STANDARD = c99;
				GCC_WARN_ABOUT_RETURN_TYPE = YES;
				GCC_WARN_UNUSED_VARIABLE = YES;
				PREBINDING = NO;
				SDKROOT = macosx10.5;
			};
			name = Release;
		};
/* End XCBuildConfiguration section */

/* Begin XCConfigurationList section */
		9FA4E0730E19A59500724E6B /* Build configuration list for PBXNativeTarget "git-inspect" */ = {
			isa = XCConfigurationList;
			buildConfigurations = (
				9FA4E0710E19A57700724E6B /* Debug */,
				9FA4E0720E19A57700724E6B /* Release */,
			);
			defaultConfigurationIsVisible = 0;
			defaultConfigurationName = Release;
		};
		C01FCF4A08A954540054247B /* Build configuration list for PBXNativeTarget "CocoaGit" */ = {
			isa = XCConfigurationList;
			buildConfigurations = (
				C01FCF4B08A954540054247B /* Debug */,
				C01FCF4C08A954540054247B /* Release */,
			);
			defaultConfigurationIsVisible = 0;
			defaultConfigurationName = Release;
		};
		C01FCF4E08A954540054247B /* Build configuration list for PBXProject "CocoaGit" */ = {
			isa = XCConfigurationList;
			buildConfigurations = (
				C01FCF4F08A954540054247B /* Debug */,
				C01FCF5008A954540054247B /* Release */,
			);
			defaultConfigurationIsVisible = 0;
			defaultConfigurationName = Release;
		};
/* End XCConfigurationList section */
	};
	rootObject = 29B97313FDCFA39411CA2CEA /* Project object */;
}
